
Microsoft Visual Studio Solution File, Format Version 12.00
# Visual Studio Version 17
VisualStudioVersion = 17.1.32210.238
MinimumVisualStudioVersion = 10.0.40219.1
Project("{9A19103F-16F7-4668-BE54-9A1E7A4F7556}") = "KataPrimeFactoreService", "KataPrimeFactoreService\KataPrimeFactoreService.csproj", "{21F95241-F1DD-4C24-9E95-17E5A46A05F3}"
EndProject
Project("{9A19103F-16F7-4668-BE54-9A1E7A4F7556}") = "KataPrimeFactoreService.Tests", "KataPrimeFactoreService.Tests\KataPrimeFactoreService.Tests.csproj", "{FD6B4E26-164A-48A4-B07B-B87E5493464D}"
EndProject
Global
	GlobalSection(SolutionConfigurationPlatforms) = preSolution
		Debug|Any CPU = Debug|Any CPU
		Release|Any CPU = Release|Any CPU
	EndGlobalSection
	GlobalSection(ProjectConfigurationPlatforms) = postSolution
		{21F95241-F1DD-4C24-9E95-17E5A46A05F3}.Debug|Any CPU.ActiveCfg = Debug|Any CPU
		{21F95241-F1DD-4C24-9E95-17E5A46A05F3}.Debug|Any CPU.Build.0 = Debug|Any CPU
		{21F95241-F1DD-4C24-9E95-17E5A46A05F3}.Release|Any CPU.ActiveCfg = Release|Any CPU
		{21F95241-F1DD-4C24-9E95-17E5A46A05F3}.Release|Any CPU.Build.0 = Release|Any CPU
		{FD6B4E26-164A-48A4-B07B-B87E5493464D}.Debug|Any CPU.ActiveCfg = Debug|Any CPU
		{FD6B4E26-164A-48A4-B07B-B87E5493464D}.Debug|Any CPU.Build.0 = Debug|Any CPU
		{FD6B4E26-164A-48A4-B07B-B87E5493464D}.Release|Any CPU.ActiveCfg = Release|Any CPU
		{FD6B4E26-164A-48A4-B07B-B87E5493464D}.Release|Any CPU.Build.0 = Release|Any CPU
	EndGlobalSection
	GlobalSection(SolutionProperties) = preSolution
		HideSolutionNode = FALSE
	EndGlobalSection
	GlobalSection(ExtensibilityGlobals) = postSolution
		SolutionGuid = {A63087BA-125F-4D9C-A34A-3F7DBE250518}
	EndGlobalSection
EndGlobal
